{
  "name": "angular-rdf",
  "version": "0.1.1",
  "lockfileVersion": 2,
  "requires": true,
  "packages": {
    "": {
      "name": "angular-rdf",
      "version": "0.1.1",
      "license": "Apache-2.0",
      "dependencies": {
        "connect": "~3.3",
        "morgan": "~1.6",
        "serve-static": "~1.9"
      }
    },
    "node_modules/basic-auth": {
      "version": "1.0.4",
      "resolved": "https://registry.npmjs.org/basic-auth/-/basic-auth-1.0.4.tgz",
      "integrity": "sha512-uvq3I/zC5TmG0WZJDzsXzIytU9GiiSq23Gl27Dq9sV81JTfPfQhtdADECP1DJZeJoZPuYU0Y81hWC5y/dOR+Yw==",
      "engines": {
        "node": ">= 0.6"
      }
    },
    "node_modules/connect": {
      "version": "3.3.5",
      "resolved": "https://registry.npmjs.org/connect/-/connect-3.3.5.tgz",
      "integrity": "sha512-CEFUIHTJ3joqSU0uN/WPlxoDl71SYpNvraM16I20uAWnjal10xBm6jk3NIJnfoGuXuhZMxiOOSqFYu0PbvRFxw==",
      "dependencies": {
        "debug": "~2.1.3",
        "finalhandler": "0.3.4",
        "parseurl": "~1.3.0",
        "utils-merge": "1.0.0"
      },
      "engines": {
        "node": ">= 0.10.0"
      }
    },
    "node_modules/crc": {
      "version": "3.2.1",
      "resolved": "https://registry.npmjs.org/crc/-/crc-3.2.1.tgz",
      "integrity": "sha512-H21TaZQyic++ilBStWHntVpS2STWO37tzE0w0P5iAY1ntaPVtlZ3E6FcwltyZa6MYrEbKMxjEwXh3fBHlW8Qqw=="
    },
    "node_modules/debug": {
      "version": "2.1.3",
      "resolved": "https://registry.npmjs.org/debug/-/debug-2.1.3.tgz",
      "integrity": "sha512-KWau3VQmxO3YwQCjJzMPPusOtI0hx3UGsqnY7RS+QHQjUeawpOVtJvAdeTrI2Ja5DTR8KH3xaEN8c+ADbXJWeg==",
      "dependencies": {
        "ms": "0.7.0"
      }
    },
    "node_modules/depd": {
      "version": "1.0.1",
      "resolved": "https://registry.npmjs.org/depd/-/depd-1.0.1.tgz",
      "integrity": "sha512-OEWAMbCkK9IWQ8pfTvHBhCSqHgR+sk5pbiYqq0FqfARG4Cy+cRsCbITx6wh5pcsmfBPiJAcbd98tfdz5fnBbag==",
      "engines": {
        "node": ">= 0.6"
      }
    },
    "node_modules/destroy": {
      "version": "1.0.3",
      "resolved": "https://registry.npmjs.org/destroy/-/destroy-1.0.3.tgz",
      "integrity": "sha512-KB/AVLKRwZPOEo6/lxkDJ+Bv3jFRRrhmnRMPvpWwmIfUggpzGkQBqolyo8FRf833b/F5rzmy1uVN3fHBkjTxgw=="
    },
    "node_modules/ee-first": {
      "version": "1.1.0",
      "resolved": "https://registry.npmjs.org/ee-first/-/ee-first-1.1.0.tgz",
      "integrity": "sha512-n4X/DaHVKHyDy1Rwuzm1UPjTRIBSarj1BBZ5R5HLOFLn58yhw510qoF1zk94jjkw3mXScdsmMtYCNR1jsAJlEA=="
    },
    "node_modules/escape-html": {
      "version": "1.0.1",
      "resolved": "https://registry.npmjs.org/escape-html/-/escape-html-1.0.1.tgz",
      "integrity": "sha512-z6kAnok8fqVTra7Yu77dZF2Y6ETJlxH58wN38wNyuNQLm8xXdKnfNrlSmfXsTePWP03rRVUKHubtUwanwUi7+g=="
    },
    "node_modules/etag": {
      "version": "1.6.0",
      "resolved": "https://registry.npmjs.org/etag/-/etag-1.6.0.tgz",
      "integrity": "sha512-nuKHp9E7WegPlkpbHWPFLD0Yidt/wbV3mZHGr1tUn8apKrsRPbQOxdJm/wQH0uyz+CULQyfRzoqArVByI7WGIg==",
      "dependencies": {
        "crc": "3.2.1"
      },
      "engines": {
        "node": ">= 0.6"
      }
    },
    "node_modules/finalhandler": {
      "version": "0.3.4",
      "resolved": "https://registry.npmjs.org/finalhandler/-/finalhandler-0.3.4.tgz",
      "integrity": "sha512-fg2FhK0sQAeb3EcYej2OPhczPIqmMGDHi8C+Ri3UPgslMJnmvwVkw6hFW3xUDt4aQowDwZd+BXGBTHDzMWYDyw==",
      "dependencies": {
        "debug": "~2.1.3",
        "escape-html": "1.0.1",
        "on-finished": "~2.2.0"
      },
      "engines": {
        "node": ">= 0.8"
      }
    },
    "node_modules/fresh": {
      "version": "0.2.4",
      "resolved": "https://registry.npmjs.org/fresh/-/fresh-0.2.4.tgz",
      "integrity": "sha512-mnBGgIFRNu54GtbkXy6+QKPYW/b5joAURorA8ELeJc/5BBNph6Go1NmHa9dt08ghFnhGuLenrUmNO8Za1CwEUQ==",
      "engines": {
        "node": ">= 0.6"
      }
    },
    "node_modules/mime": {
      "version": "1.3.4",
      "resolved": "https://registry.npmjs.org/mime/-/mime-1.3.4.tgz",
      "integrity": "sha512-sAaYXszED5ALBt665F0wMQCUXpGuZsGdopoqcHPdL39ZYdi7uHoZlhrfZfhv8WzivhBzr/oXwaj+yiK5wY8MXQ==",
      "bin": {
        "mime": "cli.js"
      }
    },
    "node_modules/morgan": {
      "version": "1.6.1",
      "resolved": "https://registry.npmjs.org/morgan/-/morgan-1.6.1.tgz",
      "integrity": "sha512-WWxlTx5xCqbtSeX/gPVHUZBhAhSMfYQLgPrWHEN0FYnF+zf1Ju/Zct6rpeKmvzibrYF4QvFVws7IN61BxnKu+Q==",
      "dependencies": {
        "basic-auth": "~1.0.3",
        "debug": "~2.2.0",
        "depd": "~1.0.1",
        "on-finished": "~2.3.0",
        "on-headers": "~1.0.0"
      },
      "engines": {
        "node": ">= 0.8.0"
      }
    },
    "node_modules/morgan/node_modules/debug": {
      "version": "2.2.0",
      "resolved": "https://registry.npmjs.org/debug/-/debug-2.2.0.tgz",
      "integrity": "sha512-X0rGvJcskG1c3TgSCPqHJ0XJgwlcvOC7elJ5Y0hYuKBZoVqWpAMfLOeIh2UI/DCQ5ruodIjvsugZtjUYUw2pUw==",
      "dependencies": {
        "ms": "0.7.1"
      }
    },
    "node_modules/morgan/node_modules/ee-first": {
      "version": "1.1.1",
      "resolved": "https://registry.npmjs.org/ee-first/-/ee-first-1.1.1.tgz",
      "integrity": "sha512-WMwm9LhRUo+WUaRN+vRuETqG89IgZphVSNkdFgeb6sS/E4OrDIN7t48CAewSHXc6C8lefD8KKfr5vY61brQlow=="
    },
    "node_modules/morgan/node_modules/ms": {
      "version": "0.7.1",
      "resolved": "https://registry.npmjs.org/ms/-/ms-0.7.1.tgz",
      "integrity": "sha512-lRLiIR9fSNpnP6TC4v8+4OU7oStC01esuNowdQ34L+Gk8e5Puoc88IqJ+XAY/B3Mn2ZKis8l8HX90oU8ivzUHg=="
    },
    "node_modules/morgan/node_modules/on-finished": {
      "version": "2.3.0",
      "resolved": "https://registry.npmjs.org/on-finished/-/on-finished-2.3.0.tgz",
      "integrity": "sha512-ikqdkGAAyf/X/gPhXGvfgAytDZtDbr+bkNUJ0N9h5MI/dmdgCs3l6hoHrcUv41sRKew3jIwrp4qQDXiK99Utww==",
      "dependencies": {
        "ee-first": "1.1.1"
      },
      "engines": {
        "node": ">= 0.8"
      }
    },
    "node_modules/ms": {
      "version": "0.7.0",
      "resolved": "https://registry.npmjs.org/ms/-/ms-0.7.0.tgz",
      "integrity": "sha512-YmuMMkfOZzzAftlHwiQxFepJx/5rDaYi9o9QanyBCk485BRAyM/vB9XoYlZvglxE/pmAWOiQgrdoE10watiK9w=="
    },
    "node_modules/on-finished": {
      "version": "2.2.1",
      "resolved": "https://registry.npmjs.org/on-finished/-/on-finished-2.2.1.tgz",
      "integrity": "sha512-9HvMYLv7im5uzOAcg1lon2cEUxycCF4OI+zPz1R/x3MvBv5s2F+DuxrGwkPe+UwvStDQpWbrkXfLZv12mHbl4A==",
      "dependencies": {
        "ee-first": "1.1.0"
      },
      "engines": {
        "node": ">= 0.8"
      }
    },
    "node_modules/on-headers": {
      "version": "1.0.2",
      "resolved": "https://registry.npmjs.org/on-headers/-/on-headers-1.0.2.tgz",
      "integrity": "sha512-pZAE+FJLoyITytdqK0U5s+FIpjN0JP3OzFi/u8Rx+EV5/W+JTWGXG8xFzevE7AjBfDqHv/8vL8qQsIhHnqRkrA==",
      "engines": {
        "node": ">= 0.8"
      }
    },
    "node_modules/parseurl": {
      "version": "1.3.3",
      "resolved": "https://registry.npmjs.org/parseurl/-/parseurl-1.3.3.tgz",
      "integrity": "sha512-CiyeOxFT/JZyN5m0z9PfXw4SCBJ6Sygz1Dpl0wqjlhDEGGBP1GnsUVEL0p63hoG1fcj3fHynXi9NYO4nWOL+qQ==",
      "engines": {
        "node": ">= 0.8"
      }
    },
    "node_modules/range-parser": {
      "version": "1.0.3",
      "resolved": "https://registry.npmjs.org/range-parser/-/range-parser-1.0.3.tgz",
      "integrity": "sha512-nDsRrtIxVUO5opg/A8T2S3ebULVIfuh8ECbh4w3N4mWxIiT3QILDJDUQayPqm2e8Q8NUa0RSUkGCfe33AfjR3Q==",
      "engines": {
        "node": ">= 0.6"
      }
    },
    "node_modules/send": {
      "version": "0.12.3",
      "resolved": "https://registry.npmjs.org/send/-/send-0.12.3.tgz",
      "integrity": "sha512-T/5qhRIkka7r2hnJRWcgpylTpreWNYk7G5EpYrmLNBhz3eP3c8TeasftFr9q++7rKVwRmnfuksMxujot1a74HA==",
      "dependencies": {
        "debug": "~2.2.0",
        "depd": "~1.0.1",
        "destroy": "1.0.3",
        "escape-html": "1.0.1",
        "etag": "~1.6.0",
        "fresh": "0.2.4",
        "mime": "1.3.4",
        "ms": "0.7.1",
        "on-finished": "~2.2.1",
        "range-parser": "~1.0.2"
      },
      "engines": {
        "node": ">= 0.8.0"
      }
    },
    "node_modules/send/node_modules/debug": {
      "version": "2.2.0",
      "resolved": "https://registry.npmjs.org/debug/-/debug-2.2.0.tgz",
      "integrity": "sha512-X0rGvJcskG1c3TgSCPqHJ0XJgwlcvOC7elJ5Y0hYuKBZoVqWpAMfLOeIh2UI/DCQ5ruodIjvsugZtjUYUw2pUw==",
      "dependencies": {
        "ms": "0.7.1"
      }
    },
    "node_modules/send/node_modules/ms": {
      "version": "0.7.1",
      "resolved": "https://registry.npmjs.org/ms/-/ms-0.7.1.tgz",
      "integrity": "sha512-lRLiIR9fSNpnP6TC4v8+4OU7oStC01esuNowdQ34L+Gk8e5Puoc88IqJ+XAY/B3Mn2ZKis8l8HX90oU8ivzUHg=="
    },
    "node_modules/serve-static": {
      "version": "1.9.3",
      "resolved": "https://registry.npmjs.org/serve-static/-/serve-static-1.9.3.tgz",
      "integrity": "sha512-RzgLgiNjRMhvdnLWKYJtr/QZ3q8jkDv10loWizQMh53Zlmd2jId5PtarLJO9Z6RtQJ/VcZYkvMOIDTOy86h5qw==",
      "dependencies": {
        "escape-html": "1.0.1",
        "parseurl": "~1.3.0",
        "send": "0.12.3",
        "utils-merge": "1.0.0"
      },
      "engines": {
        "node": ">= 0.8.0"
      }
    },
    "node_modules/utils-merge": {
      "version": "1.0.0",
      "resolved": "https://registry.npmjs.org/utils-merge/-/utils-merge-1.0.0.tgz",
      "integrity": "sha512-HwU9SLQEtyo+0uoKXd1nkLqigUWLB+QuNQR4OcmB73eWqksM5ovuqcycks2x043W8XVb75rG1HQ0h93TMXkzQQ==",
      "engines": {
        "node": ">= 0.4.0"
      }
    }
  },
  "dependencies": {
    "basic-auth": {
      "version": "1.0.4",
      "resolved": "https://registry.npmjs.org/basic-auth/-/basic-auth-1.0.4.tgz",
      "integrity": "sha512-uvq3I/zC5TmG0WZJDzsXzIytU9GiiSq23Gl27Dq9sV81JTfPfQhtdADECP1DJZeJoZPuYU0Y81hWC5y/dOR+Yw=="
    },
    "connect": {
      "version": "3.3.5",
      "resolved": "https://registry.npmjs.org/connect/-/connect-3.3.5.tgz",
      "integrity": "sha512-CEFUIHTJ3joqSU0uN/WPlxoDl71SYpNvraM16I20uAWnjal10xBm6jk3NIJnfoGuXuhZMxiOOSqFYu0PbvRFxw==",
      "requires": {
        "debug": "~2.1.3",
        "finalhandler": "0.3.4",
        "parseurl": "~1.3.0",
        "utils-merge": "1.0.0"
      }
    },
    "crc": {
      "version": "3.2.1",
      "resolved": "https://registry.npmjs.org/crc/-/crc-3.2.1.tgz",
      "integrity": "sha512-H21TaZQyic++ilBStWHntVpS2STWO37tzE0w0P5iAY1ntaPVtlZ3E6FcwltyZa6MYrEbKMxjEwXh3fBHlW8Qqw=="
    },
    "debug": {
      "version": "2.1.3",
      "resolved": "https://registry.npmjs.org/debug/-/debug-2.1.3.tgz",
      "integrity": "sha512-KWau3VQmxO3YwQCjJzMPPusOtI0hx3UGsqnY7RS+QHQjUeawpOVtJvAdeTrI2Ja5DTR8KH3xaEN8c+ADbXJWeg==",
      "requires": {
        "ms": "0.7.0"
      }
    },
    "depd": {
      "version": "1.0.1",
      "resolved": "https://registry.npmjs.org/depd/-/depd-1.0.1.tgz",
      "integrity": "sha512-OEWAMbCkK9IWQ8pfTvHBhCSqHgR+sk5pbiYqq0FqfARG4Cy+cRsCbITx6wh5pcsmfBPiJAcbd98tfdz5fnBbag=="
    },
    "destroy": {
      "version": "1.0.3",
      "resolved": "https://registry.npmjs.org/destroy/-/destroy-1.0.3.tgz",
      "integrity": "sha512-KB/AVLKRwZPOEo6/lxkDJ+Bv3jFRRrhmnRMPvpWwmIfUggpzGkQBqolyo8FRf833b/F5rzmy1uVN3fHBkjTxgw=="
    },
    "ee-first": {
      "version": "1.1.0",
      "resolved": "https://registry.npmjs.org/ee-first/-/ee-first-1.1.0.tgz",
      "integrity": "sha512-n4X/DaHVKHyDy1Rwuzm1UPjTRIBSarj1BBZ5R5HLOFLn58yhw510qoF1zk94jjkw3mXScdsmMtYCNR1jsAJlEA=="
    },
    "escape-html": {
      "version": "1.0.1",
      "resolved": "https://registry.npmjs.org/escape-html/-/escape-html-1.0.1.tgz",
      "integrity": "sha512-z6kAnok8fqVTra7Yu77dZF2Y6ETJlxH58wN38wNyuNQLm8xXdKnfNrlSmfXsTePWP03rRVUKHubtUwanwUi7+g=="
    },
    "etag": {
      "version": "1.6.0",
      "resolved": "https://registry.npmjs.org/etag/-/etag-1.6.0.tgz",
      "integrity": "sha512-nuKHp9E7WegPlkpbHWPFLD0Yidt/wbV3mZHGr1tUn8apKrsRPbQOxdJm/wQH0uyz+CULQyfRzoqArVByI7WGIg==",
      "requires": {
        "crc": "3.2.1"
      }
    },
    "finalhandler": {
      "version": "0.3.4",
      "resolved": "https://registry.npmjs.org/finalhandler/-/finalhandler-0.3.4.tgz",
      "integrity": "sha512-fg2FhK0sQAeb3EcYej2OPhczPIqmMGDHi8C+Ri3UPgslMJnmvwVkw6hFW3xUDt4aQowDwZd+BXGBTHDzMWYDyw==",
      "requires": {
        "debug": "~2.1.3",
        "escape-html": "1.0.1",
        "on-finished": "~2.2.0"
      }
    },
    "fresh": {
      "version": "0.2.4",
      "resolved": "https://registry.npmjs.org/fresh/-/fresh-0.2.4.tgz",
      "integrity": "sha512-mnBGgIFRNu54GtbkXy6+QKPYW/b5joAURorA8ELeJc/5BBNph6Go1NmHa9dt08ghFnhGuLenrUmNO8Za1CwEUQ=="
    },
    "mime": {
      "version": "1.3.4",
      "resolved": "https://registry.npmjs.org/mime/-/mime-1.3.4.tgz",
      "integrity": "sha512-sAaYXszED5ALBt665F0wMQCUXpGuZsGdopoqcHPdL39ZYdi7uHoZlhrfZfhv8WzivhBzr/oXwaj+yiK5wY8MXQ=="
    },
    "morgan": {
      "version": "1.6.1",
      "resolved": "https://registry.npmjs.org/morgan/-/morgan-1.6.1.tgz",
      "integrity": "sha512-WWxlTx5xCqbtSeX/gPVHUZBhAhSMfYQLgPrWHEN0FYnF+zf1Ju/Zct6rpeKmvzibrYF4QvFVws7IN61BxnKu+Q==",
      "requires": {
        "basic-auth": "~1.0.3",
        "debug": "~2.2.0",
        "depd": "~1.0.1",
        "on-finished": "~2.3.0",
        "on-headers": "~1.0.0"
      },
      "dependencies": {
        "debug": {
          "version": "2.2.0",
          "resolved": "https://registry.npmjs.org/debug/-/debug-2.2.0.tgz",
          "integrity": "sha512-X0rGvJcskG1c3TgSCPqHJ0XJgwlcvOC7elJ5Y0hYuKBZoVqWpAMfLOeIh2UI/DCQ5ruodIjvsugZtjUYUw2pUw==",
          "requires": {
            "ms": "0.7.1"
          }
        },
        "ee-first": {
          "version": "1.1.1",
          "resolved": "https://registry.npmjs.org/ee-first/-/ee-first-1.1.1.tgz",
          "integrity": "sha512-WMwm9LhRUo+WUaRN+vRuETqG89IgZphVSNkdFgeb6sS/E4OrDIN7t48CAewSHXc6C8lefD8KKfr5vY61brQlow=="
        },
        "ms": {
          "version": "0.7.1",
          "resolved": "https://registry.npmjs.org/ms/-/ms-0.7.1.tgz",
          "integrity": "sha512-lRLiIR9fSNpnP6TC4v8+4OU7oStC01esuNowdQ34L+Gk8e5Puoc88IqJ+XAY/B3Mn2ZKis8l8HX90oU8ivzUHg=="
        },
        "on-finished": {
          "version": "2.3.0",
          "resolved": "https://registry.npmjs.org/on-finished/-/on-finished-2.3.0.tgz",
          "integrity": "sha512-ikqdkGAAyf/X/gPhXGvfgAytDZtDbr+bkNUJ0N9h5MI/dmdgCs3l6hoHrcUv41sRKew3jIwrp4qQDXiK99Utww==",
          "requires": {
            "ee-first": "1.1.1"
          }
        }
      }
    },
    "ms": {
      "version": "0.7.0",
      "resolved": "https://registry.npmjs.org/ms/-/ms-0.7.0.tgz",
      "integrity": "sha512-YmuMMkfOZzzAftlHwiQxFepJx/5rDaYi9o9QanyBCk485BRAyM/vB9XoYlZvglxE/pmAWOiQgrdoE10watiK9w=="
    },
    "on-finished": {
      "version": "2.2.1",
      "resolved": "https://registry.npmjs.org/on-finished/-/on-finished-2.2.1.tgz",
      "integrity": "sha512-9HvMYLv7im5uzOAcg1lon2cEUxycCF4OI+zPz1R/x3MvBv5s2F+DuxrGwkPe+UwvStDQpWbrkXfLZv12mHbl4A==",
      "requires": {
        "ee-first": "1.1.0"
      }
    },
    "on-headers": {
      "version": "1.0.2",
      "resolved": "https://registry.npmjs.org/on-headers/-/on-headers-1.0.2.tgz",
      "integrity": "sha512-pZAE+FJLoyITytdqK0U5s+FIpjN0JP3OzFi/u8Rx+EV5/W+JTWGXG8xFzevE7AjBfDqHv/8vL8qQsIhHnqRkrA=="
    },
    "parseurl": {
      "version": "1.3.3",
      "resolved": "https://registry.npmjs.org/parseurl/-/parseurl-1.3.3.tgz",
      "integrity": "sha512-CiyeOxFT/JZyN5m0z9PfXw4SCBJ6Sygz1Dpl0wqjlhDEGGBP1GnsUVEL0p63hoG1fcj3fHynXi9NYO4nWOL+qQ=="
    },
    "range-parser": {
      "version": "1.0.3",
      "resolved": "https://registry.npmjs.org/range-parser/-/range-parser-1.0.3.tgz",
      "integrity": "sha512-nDsRrtIxVUO5opg/A8T2S3ebULVIfuh8ECbh4w3N4mWxIiT3QILDJDUQayPqm2e8Q8NUa0RSUkGCfe33AfjR3Q=="
    },
    "send": {
      "version": "0.12.3",
      "resolved": "https://registry.npmjs.org/send/-/send-0.12.3.tgz",
      "integrity": "sha512-T/5qhRIkka7r2hnJRWcgpylTpreWNYk7G5EpYrmLNBhz3eP3c8TeasftFr9q++7rKVwRmnfuksMxujot1a74HA==",
      "requires": {
        "debug": "~2.2.0",
        "depd": "~1.0.1",
        "destroy": "1.0.3",
        "escape-html": "1.0.1",
        "etag": "~1.6.0",
        "fresh": "0.2.4",
        "mime": "1.3.4",
        "ms": "0.7.1",
        "on-finished": "~2.2.1",
        "range-parser": "~1.0.2"
      },
      "dependencies": {
        "debug": {
          "version": "2.2.0",
          "resolved": "https://registry.npmjs.org/debug/-/debug-2.2.0.tgz",
          "integrity": "sha512-X0rGvJcskG1c3TgSCPqHJ0XJgwlcvOC7elJ5Y0hYuKBZoVqWpAMfLOeIh2UI/DCQ5ruodIjvsugZtjUYUw2pUw==",
          "requires": {
            "ms": "0.7.1"
          }
        },
        "ms": {
          "version": "0.7.1",
          "resolved": "https://registry.npmjs.org/ms/-/ms-0.7.1.tgz",
          "integrity": "sha512-lRLiIR9fSNpnP6TC4v8+4OU7oStC01esuNowdQ34L+Gk8e5Puoc88IqJ+XAY/B3Mn2ZKis8l8HX90oU8ivzUHg=="
        }
      }
    },
    "serve-static": {
      "version": "1.9.3",
      "resolved": "https://registry.npmjs.org/serve-static/-/serve-static-1.9.3.tgz",
      "integrity": "sha512-RzgLgiNjRMhvdnLWKYJtr/QZ3q8jkDv10loWizQMh53Zlmd2jId5PtarLJO9Z6RtQJ/VcZYkvMOIDTOy86h5qw==",
      "requires": {
        "escape-html": "1.0.1",
        "parseurl": "~1.3.0",
        "send": "0.12.3",
        "utils-merge": "1.0.0"
      }
    },
    "utils-merge": {
      "version": "1.0.0",
      "resolved": "https://registry.npmjs.org/utils-merge/-/utils-merge-1.0.0.tgz",
      "integrity": "sha512-HwU9SLQEtyo+0uoKXd1nkLqigUWLB+QuNQR4OcmB73eWqksM5ovuqcycks2x043W8XVb75rG1HQ0h93TMXkzQQ=="
    }
  }
}
